
Microsoft Visual Studio Solution File, Format Version 12.00
# Visual Studio Version 17
VisualStudioVersion = 17.1.32414.318
MinimumVisualStudioVersion = 10.0.40219.1
Project("{9A19103F-16F7-4668-BE54-9A1E7A4F7556}") = "StockMarket", "StockMarket\StockMarket.csproj", "{75F66BC9-B3CE-4331-B5DF-B6FA97A501EB}"
EndProject
Project("{9A19103F-16F7-4668-BE54-9A1E7A4F7556}") = "Services", "Services\Services.csproj", "{D433A96E-A793-4DED-899E-5707F7FB0699}"
EndProject
Project("{9A19103F-16F7-4668-BE54-9A1E7A4F7556}") = "ServiceContrcts", "ServiceContrcts\ServiceContrcts.csproj", "{2CCDE6E4-A2A7-400A-9780-F56B2F8E0449}"
EndProject
Project("{9A19103F-16F7-4668-BE54-9A1E7A4F7556}") = "Entities", "Entities\Entities.csproj", "{BED9DB47-9AB4-48DB-9C95-9B8D03C0E441}"
EndProject
Project("{FAE04EC0-301F-11D3-BF4B-00C04F79EFBC}") = "XUnit_Task_Tests", "XUnit_Task_Tests\XUnit_Task_Tests.csproj", "{CAA1AB0A-6279-4A4D-AEAD-5142ECA09468}"
EndProject
Global
	GlobalSection(SolutionConfigurationPlatforms) = preSolution
		Debug|Any CPU = Debug|Any CPU
		Release|Any CPU = Release|Any CPU
	EndGlobalSection
	GlobalSection(ProjectConfigurationPlatforms) = postSolution
		{75F66BC9-B3CE-4331-B5DF-B6FA97A501EB}.Debug|Any CPU.ActiveCfg = Debug|Any CPU
		{75F66BC9-B3CE-4331-B5DF-B6FA97A501EB}.Debug|Any CPU.Build.0 = Debug|Any CPU
		{75F66BC9-B3CE-4331-B5DF-B6FA97A501EB}.Release|Any CPU.ActiveCfg = Release|Any CPU
		{75F66BC9-B3CE-4331-B5DF-B6FA97A501EB}.Release|Any CPU.Build.0 = Release|Any CPU
		{D433A96E-A793-4DED-899E-5707F7FB0699}.Debug|Any CPU.ActiveCfg = Debug|Any CPU
		{D433A96E-A793-4DED-899E-5707F7FB0699}.Debug|Any CPU.Build.0 = Debug|Any CPU
		{D433A96E-A793-4DED-899E-5707F7FB0699}.Release|Any CPU.ActiveCfg = Release|Any CPU
		{D433A96E-A793-4DED-899E-5707F7FB0699}.Release|Any CPU.Build.0 = Release|Any CPU
		{2CCDE6E4-A2A7-400A-9780-F56B2F8E0449}.Debug|Any CPU.ActiveCfg = Debug|Any CPU
		{2CCDE6E4-A2A7-400A-9780-F56B2F8E0449}.Debug|Any CPU.Build.0 = Debug|Any CPU
		{2CCDE6E4-A2A7-400A-9780-F56B2F8E0449}.Release|Any CPU.ActiveCfg = Release|Any CPU
		{2CCDE6E4-A2A7-400A-9780-F56B2F8E0449}.Release|Any CPU.Build.0 = Release|Any CPU
		{BED9DB47-9AB4-48DB-9C95-9B8D03C0E441}.Debug|Any CPU.ActiveCfg = Debug|Any CPU
		{BED9DB47-9AB4-48DB-9C95-9B8D03C0E441}.Debug|Any CPU.Build.0 = Debug|Any CPU
		{BED9DB47-9AB4-48DB-9C95-9B8D03C0E441}.Release|Any CPU.ActiveCfg = Release|Any CPU
		{BED9DB47-9AB4-48DB-9C95-9B8D03C0E441}.Release|Any CPU.Build.0 = Release|Any CPU
		{CAA1AB0A-6279-4A4D-AEAD-5142ECA09468}.Debug|Any CPU.ActiveCfg = Debug|Any CPU
		{CAA1AB0A-6279-4A4D-AEAD-5142ECA09468}.Debug|Any CPU.Build.0 = Debug|Any CPU
		{CAA1AB0A-6279-4A4D-AEAD-5142ECA09468}.Release|Any CPU.ActiveCfg = Release|Any CPU
		{CAA1AB0A-6279-4A4D-AEAD-5142ECA09468}.Release|Any CPU.Build.0 = Release|Any CPU
	EndGlobalSection
	GlobalSection(SolutionProperties) = preSolution
		HideSolutionNode = FALSE
	EndGlobalSection
	GlobalSection(ExtensibilityGlobals) = postSolution
		SolutionGuid = {7853B6F4-3992-4525-AEB7-37D409EA4CEA}
	EndGlobalSection
EndGlobal
